
Microsoft Visual Studio Solution File, Format Version 12.00
# Visual Studio 2013
VisualStudioVersion = 12.0.40629.0
MinimumVisualStudioVersion = 10.0.40219.1
Project("{FAE04EC0-301F-11D3-BF4B-00C04F79EFBC}") = "ConsoleApplication1", "ConsoleApplication1\ConsoleApplication1.csproj", "{579197ED-5F19-420D-9C9C-372918B78BA8}"
EndProject
Project("{FAE04EC0-301F-11D3-BF4B-00C04F79EFBC}") = "Loja", "Loja\Loja.csproj", "{D855A794-5917-4C07-9D4B-593B13A42FD7}"
EndProject
Project("{FAE04EC0-301F-11D3-BF4B-00C04F79EFBC}") = "LojaManager", "LojaManager\LojaManager.csproj", "{B8187162-16DE-4385-A07C-D600CE7CF8C5}"
EndProject
Project("{FAE04EC0-301F-11D3-BF4B-00C04F79EFBC}") = "LojaAPI", "LojaAPI\LojaAPI.csproj", "{65567EAF-0F02-40B2-AE92-61E7719BA7D8}"
EndProject
Global
	GlobalSection(SolutionConfigurationPlatforms) = preSolution
		Debug|Any CPU = Debug|Any CPU
		Release|Any CPU = Release|Any CPU
	EndGlobalSection
	GlobalSection(ProjectConfigurationPlatforms) = postSolution
		{579197ED-5F19-420D-9C9C-372918B78BA8}.Debug|Any CPU.ActiveCfg = Debug|Any CPU
		{579197ED-5F19-420D-9C9C-372918B78BA8}.Debug|Any CPU.Build.0 = Debug|Any CPU
		{579197ED-5F19-420D-9C9C-372918B78BA8}.Release|Any CPU.ActiveCfg = Release|Any CPU
		{579197ED-5F19-420D-9C9C-372918B78BA8}.Release|Any CPU.Build.0 = Release|Any CPU
		{D855A794-5917-4C07-9D4B-593B13A42FD7}.Debug|Any CPU.ActiveCfg = Debug|Any CPU
		{D855A794-5917-4C07-9D4B-593B13A42FD7}.Debug|Any CPU.Build.0 = Debug|Any CPU
		{D855A794-5917-4C07-9D4B-593B13A42FD7}.Release|Any CPU.ActiveCfg = Release|Any CPU
		{D855A794-5917-4C07-9D4B-593B13A42FD7}.Release|Any CPU.Build.0 = Release|Any CPU
		{B8187162-16DE-4385-A07C-D600CE7CF8C5}.Debug|Any CPU.ActiveCfg = Debug|Any CPU
		{B8187162-16DE-4385-A07C-D600CE7CF8C5}.Debug|Any CPU.Build.0 = Debug|Any CPU
		{B8187162-16DE-4385-A07C-D600CE7CF8C5}.Release|Any CPU.ActiveCfg = Release|Any CPU
		{B8187162-16DE-4385-A07C-D600CE7CF8C5}.Release|Any CPU.Build.0 = Release|Any CPU
		{65567EAF-0F02-40B2-AE92-61E7719BA7D8}.Debug|Any CPU.ActiveCfg = Debug|Any CPU
		{65567EAF-0F02-40B2-AE92-61E7719BA7D8}.Debug|Any CPU.Build.0 = Debug|Any CPU
		{65567EAF-0F02-40B2-AE92-61E7719BA7D8}.Release|Any CPU.ActiveCfg = Release|Any CPU
		{65567EAF-0F02-40B2-AE92-61E7719BA7D8}.Release|Any CPU.Build.0 = Release|Any CPU
	EndGlobalSection
	GlobalSection(SolutionProperties) = preSolution
		HideSolutionNode = FALSE
	EndGlobalSection
EndGlobal
